
Microsoft Visual Studio Solution File, Format Version 12.00
# Visual Studio Version 17
VisualStudioVersion = 17.12.35514.174
MinimumVisualStudioVersion = 10.0.40219.1
Project("{8BC9CEB8-8B4A-11D0-8D11-00A0C91BC942}") = "DesignPattern", "DesignPattern.vcxproj", "{8671F714-5C32-4E53-9C90-E7A7A82D56EB}"
EndProject
Project("{8BC9CEB8-8B4A-11D0-8D11-00A0C91BC942}") = "SingletonPattern", "SingletonPattern\SingletonPattern.vcxproj", "{26A1D7C5-C325-4ED0-BC77-2A5A3649CE56}"
EndProject
Project("{8BC9CEB8-8B4A-11D0-8D11-00A0C91BC942}") = "BuilderPattern", "BuilderPattern\BuilderPattern.vcxproj", "{73EFAFED-C486-4652-83AB-8F46FE06080C}"
EndProject
Project("{8BC9CEB8-8B4A-11D0-8D11-00A0C91BC942}") = "PrototypePattern", "PrototypePattern\PrototypePattern.vcxproj", "{C6C57A99-1555-498C-96AA-EE2C029D0813}"
EndProject
Project("{8BC9CEB8-8B4A-11D0-8D11-00A0C91BC942}") = "AdapterPattern", "AdapterPattern\AdapterPattern.vcxproj", "{AC57FB52-C907-4F72-BD79-53D03B2769DC}"
EndProject
Project("{8BC9CEB8-8B4A-11D0-8D11-00A0C91BC942}") = "BridgePattern", "BridgePattern\BridgePattern.vcxproj", "{B7A436CA-C989-4529-AB0B-2DC433212966}"
EndProject
Project("{8BC9CEB8-8B4A-11D0-8D11-00A0C91BC942}") = "CompositePattern", "CompositePattern\CompositePattern.vcxproj", "{8118B60F-635F-482B-9BF4-0FEE5B90B618}"
EndProject
Project("{8BC9CEB8-8B4A-11D0-8D11-00A0C91BC942}") = "DecoratePattern", "DecoratePattern\DecoratePattern.vcxproj", "{42143EBA-412E-4E13-8F93-26D5C039846B}"
EndProject
Project("{8BC9CEB8-8B4A-11D0-8D11-00A0C91BC942}") = "FacadePattern", "FacadePattern\FacadePattern.vcxproj", "{D6498C63-5C5F-43AF-A323-822847770B58}"
EndProject
Project("{8BC9CEB8-8B4A-11D0-8D11-00A0C91BC942}") = "FlyweightPattern", "FlyweightPattern\FlyweightPattern.vcxproj", "{57D78FBD-4A84-4FB2-8421-CAFF4D0C22AE}"
EndProject
Project("{8BC9CEB8-8B4A-11D0-8D11-00A0C91BC942}") = "AbstractFactoryPattern", "AbstractFactoryPattern\AbstractFactoryPattern.vcxproj", "{85686FA1-BDBC-4992-8158-782CBFBD199B}"
EndProject
Project("{8BC9CEB8-8B4A-11D0-8D11-00A0C91BC942}") = "ProxyPattern", "ProxyPattern\ProxyPattern.vcxproj", "{18DA9A27-8A65-49A0-A4F4-A52E0C3B54C3}"
EndProject
Project("{8BC9CEB8-8B4A-11D0-8D11-00A0C91BC942}") = "ResponsibilityChainPattern", "ResponsibilityChainPattern\ResponsibilityChainPattern.vcxproj", "{317B5A06-521D-4179-A9F6-DC99CF963F72}"
EndProject
Project("{8BC9CEB8-8B4A-11D0-8D11-00A0C91BC942}") = "CommandPattern", "CommandPattern\CommandPattern.vcxproj", "{A631BB79-BAE6-45DC-ABDC-DE2FE5D62EBE}"
EndProject
Project("{8BC9CEB8-8B4A-11D0-8D11-00A0C91BC942}") = "IteratorPattern", "IteratorPattern\IteratorPattern.vcxproj", "{C6FEA4B1-49AD-455E-97C6-603A9A412B59}"
EndProject
Project("{8BC9CEB8-8B4A-11D0-8D11-00A0C91BC942}") = "MediatorPattern", "MediatorPattern\MediatorPattern.vcxproj", "{4EE2E859-E344-44A4-AA45-C23F99723736}"
EndProject
Project("{8BC9CEB8-8B4A-11D0-8D11-00A0C91BC942}") = "MementoPattern", "MementoPattern\MementoPattern.vcxproj", "{3055AF1D-E560-446D-BD62-13AC46CE16A0}"
EndProject
Project("{8BC9CEB8-8B4A-11D0-8D11-00A0C91BC942}") = "ObserverPattern", "ObserverPattern\ObserverPattern.vcxproj", "{D4954DA2-ADB4-4C96-BF5F-478C8483558D}"
EndProject
Project("{8BC9CEB8-8B4A-11D0-8D11-00A0C91BC942}") = "StatePattern", "StatePattern\StatePattern.vcxproj", "{01007591-51DF-4AE7-9F09-8CF87E268B86}"
EndProject
Project("{8BC9CEB8-8B4A-11D0-8D11-00A0C91BC942}") = "StrategyPattern", "StrategyPattern\StrategyPattern.vcxproj", "{14A90E55-92C4-47E9-A4FE-C98874CE9F52}"
EndProject
Project("{8BC9CEB8-8B4A-11D0-8D11-00A0C91BC942}") = "TemplateMethodPattern", "TemplateMethodPattern\TemplateMethodPattern.vcxproj", "{82A46E95-B4D7-485E-A800-F55D75A7ED8C}"
EndProject
Project("{8BC9CEB8-8B4A-11D0-8D11-00A0C91BC942}") = "VisitorPattern", "VisitorPattern\VisitorPattern.vcxproj", "{D5DBA787-6636-409F-8562-4DDE56EC68EF}"
EndProject
Global
	GlobalSection(SolutionConfigurationPlatforms) = preSolution
		Debug|x64 = Debug|x64
		Debug|x86 = Debug|x86
		Release|x64 = Release|x64
		Release|x86 = Release|x86
	EndGlobalSection
	GlobalSection(ProjectConfigurationPlatforms) = postSolution
		{8671F714-5C32-4E53-9C90-E7A7A82D56EB}.Debug|x64.ActiveCfg = Debug|x64
		{8671F714-5C32-4E53-9C90-E7A7A82D56EB}.Debug|x64.Build.0 = Debug|x64
		{8671F714-5C32-4E53-9C90-E7A7A82D56EB}.Debug|x86.ActiveCfg = Debug|Win32
		{8671F714-5C32-4E53-9C90-E7A7A82D56EB}.Debug|x86.Build.0 = Debug|Win32
		{8671F714-5C32-4E53-9C90-E7A7A82D56EB}.Release|x64.ActiveCfg = Release|x64
		{8671F714-5C32-4E53-9C90-E7A7A82D56EB}.Release|x64.Build.0 = Release|x64
		{8671F714-5C32-4E53-9C90-E7A7A82D56EB}.Release|x86.ActiveCfg = Release|Win32
		{8671F714-5C32-4E53-9C90-E7A7A82D56EB}.Release|x86.Build.0 = Release|Win32
		{26A1D7C5-C325-4ED0-BC77-2A5A3649CE56}.Debug|x64.ActiveCfg = Debug|x64
		{26A1D7C5-C325-4ED0-BC77-2A5A3649CE56}.Debug|x64.Build.0 = Debug|x64
		{26A1D7C5-C325-4ED0-BC77-2A5A3649CE56}.Debug|x86.ActiveCfg = Debug|Win32
		{26A1D7C5-C325-4ED0-BC77-2A5A3649CE56}.Debug|x86.Build.0 = Debug|Win32
		{26A1D7C5-C325-4ED0-BC77-2A5A3649CE56}.Release|x64.ActiveCfg = Release|x64
		{26A1D7C5-C325-4ED0-BC77-2A5A3649CE56}.Release|x64.Build.0 = Release|x64
		{26A1D7C5-C325-4ED0-BC77-2A5A3649CE56}.Release|x86.ActiveCfg = Release|Win32
		{26A1D7C5-C325-4ED0-BC77-2A5A3649CE56}.Release|x86.Build.0 = Release|Win32
		{73EFAFED-C486-4652-83AB-8F46FE06080C}.Debug|x64.ActiveCfg = Debug|x64
		{73EFAFED-C486-4652-83AB-8F46FE06080C}.Debug|x64.Build.0 = Debug|x64
		{73EFAFED-C486-4652-83AB-8F46FE06080C}.Debug|x86.ActiveCfg = Debug|Win32
		{73EFAFED-C486-4652-83AB-8F46FE06080C}.Debug|x86.Build.0 = Debug|Win32
		{73EFAFED-C486-4652-83AB-8F46FE06080C}.Release|x64.ActiveCfg = Release|x64
		{73EFAFED-C486-4652-83AB-8F46FE06080C}.Release|x64.Build.0 = Release|x64
		{73EFAFED-C486-4652-83AB-8F46FE06080C}.Release|x86.ActiveCfg = Release|Win32
		{73EFAFED-C486-4652-83AB-8F46FE06080C}.Release|x86.Build.0 = Release|Win32
		{C6C57A99-1555-498C-96AA-EE2C029D0813}.Debug|x64.ActiveCfg = Debug|x64
		{C6C57A99-1555-498C-96AA-EE2C029D0813}.Debug|x64.Build.0 = Debug|x64
		{C6C57A99-1555-498C-96AA-EE2C029D0813}.Debug|x86.ActiveCfg = Debug|Win32
		{C6C57A99-1555-498C-96AA-EE2C029D0813}.Debug|x86.Build.0 = Debug|Win32
		{C6C57A99-1555-498C-96AA-EE2C029D0813}.Release|x64.ActiveCfg = Release|x64
		{C6C57A99-1555-498C-96AA-EE2C029D0813}.Release|x64.Build.0 = Release|x64
		{C6C57A99-1555-498C-96AA-EE2C029D0813}.Release|x86.ActiveCfg = Release|Win32
		{C6C57A99-1555-498C-96AA-EE2C029D0813}.Release|x86.Build.0 = Release|Win32
		{AC57FB52-C907-4F72-BD79-53D03B2769DC}.Debug|x64.ActiveCfg = Debug|x64
		{AC57FB52-C907-4F72-BD79-53D03B2769DC}.Debug|x64.Build.0 = Debug|x64
		{AC57FB52-C907-4F72-BD79-53D03B2769DC}.Debug|x86.ActiveCfg = Debug|Win32
		{AC57FB52-C907-4F72-BD79-53D03B2769DC}.Debug|x86.Build.0 = Debug|Win32
		{AC57FB52-C907-4F72-BD79-53D03B2769DC}.Release|x64.ActiveCfg = Release|x64
		{AC57FB52-C907-4F72-BD79-53D03B2769DC}.Release|x64.Build.0 = Release|x64
		{AC57FB52-C907-4F72-BD79-53D03B2769DC}.Release|x86.ActiveCfg = Release|Win32
		{AC57FB52-C907-4F72-BD79-53D03B2769DC}.Release|x86.Build.0 = Release|Win32
		{B7A436CA-C989-4529-AB0B-2DC433212966}.Debug|x64.ActiveCfg = Debug|x64
		{B7A436CA-C989-4529-AB0B-2DC433212966}.Debug|x64.Build.0 = Debug|x64
		{B7A436CA-C989-4529-AB0B-2DC433212966}.Debug|x86.ActiveCfg = Debug|Win32
		{B7A436CA-C989-4529-AB0B-2DC433212966}.Debug|x86.Build.0 = Debug|Win32
		{B7A436CA-C989-4529-AB0B-2DC433212966}.Release|x64.ActiveCfg = Release|x64
		{B7A436CA-C989-4529-AB0B-2DC433212966}.Release|x64.Build.0 = Release|x64
		{B7A436CA-C989-4529-AB0B-2DC433212966}.Release|x86.ActiveCfg = Release|Win32
		{B7A436CA-C989-4529-AB0B-2DC433212966}.Release|x86.Build.0 = Release|Win32
		{8118B60F-635F-482B-9BF4-0FEE5B90B618}.Debug|x64.ActiveCfg = Debug|x64
		{8118B60F-635F-482B-9BF4-0FEE5B90B618}.Debug|x64.Build.0 = Debug|x64
		{8118B60F-635F-482B-9BF4-0FEE5B90B618}.Debug|x86.ActiveCfg = Debug|Win32
		{8118B60F-635F-482B-9BF4-0FEE5B90B618}.Debug|x86.Build.0 = Debug|Win32
		{8118B60F-635F-482B-9BF4-0FEE5B90B618}.Release|x64.ActiveCfg = Release|x64
		{8118B60F-635F-482B-9BF4-0FEE5B90B618}.Release|x64.Build.0 = Release|x64
		{8118B60F-635F-482B-9BF4-0FEE5B90B618}.Release|x86.ActiveCfg = Release|Win32
		{8118B60F-635F-482B-9BF4-0FEE5B90B618}.Release|x86.Build.0 = Release|Win32
		{42143EBA-412E-4E13-8F93-26D5C039846B}.Debug|x64.ActiveCfg = Debug|x64
		{42143EBA-412E-4E13-8F93-26D5C039846B}.Debug|x64.Build.0 = Debug|x64
		{42143EBA-412E-4E13-8F93-26D5C039846B}.Debug|x86.ActiveCfg = Debug|Win32
		{42143EBA-412E-4E13-8F93-26D5C039846B}.Debug|x86.Build.0 = Debug|Win32
		{42143EBA-412E-4E13-8F93-26D5C039846B}.Release|x64.ActiveCfg = Release|x64
		{42143EBA-412E-4E13-8F93-26D5C039846B}.Release|x64.Build.0 = Release|x64
		{42143EBA-412E-4E13-8F93-26D5C039846B}.Release|x86.ActiveCfg = Release|Win32
		{42143EBA-412E-4E13-8F93-26D5C039846B}.Release|x86.Build.0 = Release|Win32
		{D6498C63-5C5F-43AF-A323-822847770B58}.Debug|x64.ActiveCfg = Debug|x64
		{D6498C63-5C5F-43AF-A323-822847770B58}.Debug|x64.Build.0 = Debug|x64
		{D6498C63-5C5F-43AF-A323-822847770B58}.Debug|x86.ActiveCfg = Debug|Win32
		{D6498C63-5C5F-43AF-A323-822847770B58}.Debug|x86.Build.0 = Debug|Win32
		{D6498C63-5C5F-43AF-A323-822847770B58}.Release|x64.ActiveCfg = Release|x64
		{D6498C63-5C5F-43AF-A323-822847770B58}.Release|x64.Build.0 = Release|x64
		{D6498C63-5C5F-43AF-A323-822847770B58}.Release|x86.ActiveCfg = Release|Win32
		{D6498C63-5C5F-43AF-A323-822847770B58}.Release|x86.Build.0 = Release|Win32
		{57D78FBD-4A84-4FB2-8421-CAFF4D0C22AE}.Debug|x64.ActiveCfg = Debug|x64
		{57D78FBD-4A84-4FB2-8421-CAFF4D0C22AE}.Debug|x64.Build.0 = Debug|x64
		{57D78FBD-4A84-4FB2-8421-CAFF4D0C22AE}.Debug|x86.ActiveCfg = Debug|Win32
		{57D78FBD-4A84-4FB2-8421-CAFF4D0C22AE}.Debug|x86.Build.0 = Debug|Win32
		{57D78FBD-4A84-4FB2-8421-CAFF4D0C22AE}.Release|x64.ActiveCfg = Release|x64
		{57D78FBD-4A84-4FB2-8421-CAFF4D0C22AE}.Release|x64.Build.0 = Release|x64
		{57D78FBD-4A84-4FB2-8421-CAFF4D0C22AE}.Release|x86.ActiveCfg = Release|Win32
		{57D78FBD-4A84-4FB2-8421-CAFF4D0C22AE}.Release|x86.Build.0 = Release|Win32
		{85686FA1-BDBC-4992-8158-782CBFBD199B}.Debug|x64.ActiveCfg = Debug|x64
		{85686FA1-BDBC-4992-8158-782CBFBD199B}.Debug|x64.Build.0 = Debug|x64
		{85686FA1-BDBC-4992-8158-782CBFBD199B}.Debug|x86.ActiveCfg = Debug|Win32
		{85686FA1-BDBC-4992-8158-782CBFBD199B}.Debug|x86.Build.0 = Debug|Win32
		{85686FA1-BDBC-4992-8158-782CBFBD199B}.Release|x64.ActiveCfg = Release|x64
		{85686FA1-BDBC-4992-8158-782CBFBD199B}.Release|x64.Build.0 = Release|x64
		{85686FA1-BDBC-4992-8158-782CBFBD199B}.Release|x86.ActiveCfg = Release|Win32
		{85686FA1-BDBC-4992-8158-782CBFBD199B}.Release|x86.Build.0 = Release|Win32
		{18DA9A27-8A65-49A0-A4F4-A52E0C3B54C3}.Debug|x64.ActiveCfg = Debug|x64
		{18DA9A27-8A65-49A0-A4F4-A52E0C3B54C3}.Debug|x64.Build.0 = Debug|x64
		{18DA9A27-8A65-49A0-A4F4-A52E0C3B54C3}.Debug|x86.ActiveCfg = Debug|Win32
		{18DA9A27-8A65-49A0-A4F4-A52E0C3B54C3}.Debug|x86.Build.0 = Debug|Win32
		{18DA9A27-8A65-49A0-A4F4-A52E0C3B54C3}.Release|x64.ActiveCfg = Release|x64
		{18DA9A27-8A65-49A0-A4F4-A52E0C3B54C3}.Release|x64.Build.0 = Release|x64
		{18DA9A27-8A65-49A0-A4F4-A52E0C3B54C3}.Release|x86.ActiveCfg = Release|Win32
		{18DA9A27-8A65-49A0-A4F4-A52E0C3B54C3}.Release|x86.Build.0 = Release|Win32
		{317B5A06-521D-4179-A9F6-DC99CF963F72}.Debug|x64.ActiveCfg = Debug|x64
		{317B5A06-521D-4179-A9F6-DC99CF963F72}.Debug|x64.Build.0 = Debug|x64
		{317B5A06-521D-4179-A9F6-DC99CF963F72}.Debug|x86.ActiveCfg = Debug|Win32
		{317B5A06-521D-4179-A9F6-DC99CF963F72}.Debug|x86.Build.0 = Debug|Win32
		{317B5A06-521D-4179-A9F6-DC99CF963F72}.Release|x64.ActiveCfg = Release|x64
		{317B5A06-521D-4179-A9F6-DC99CF963F72}.Release|x64.Build.0 = Release|x64
		{317B5A06-521D-4179-A9F6-DC99CF963F72}.Release|x86.ActiveCfg = Release|Win32
		{317B5A06-521D-4179-A9F6-DC99CF963F72}.Release|x86.Build.0 = Release|Win32
		{A631BB79-BAE6-45DC-ABDC-DE2FE5D62EBE}.Debug|x64.ActiveCfg = Debug|x64
		{A631BB79-BAE6-45DC-ABDC-DE2FE5D62EBE}.Debug|x64.Build.0 = Debug|x64
		{A631BB79-BAE6-45DC-ABDC-DE2FE5D62EBE}.Debug|x86.ActiveCfg = Debug|Win32
		{A631BB79-BAE6-45DC-ABDC-DE2FE5D62EBE}.Debug|x86.Build.0 = Debug|Win32
		{A631BB79-BAE6-45DC-ABDC-DE2FE5D62EBE}.Release|x64.ActiveCfg = Release|x64
		{A631BB79-BAE6-45DC-ABDC-DE2FE5D62EBE}.Release|x64.Build.0 = Release|x64
		{A631BB79-BAE6-45DC-ABDC-DE2FE5D62EBE}.Release|x86.ActiveCfg = Release|Win32
		{A631BB79-BAE6-45DC-ABDC-DE2FE5D62EBE}.Release|x86.Build.0 = Release|Win32
		{C6FEA4B1-49AD-455E-97C6-603A9A412B59}.Debug|x64.ActiveCfg = Debug|x64
		{C6FEA4B1-49AD-455E-97C6-603A9A412B59}.Debug|x64.Build.0 = Debug|x64
		{C6FEA4B1-49AD-455E-97C6-603A9A412B59}.Debug|x86.ActiveCfg = Debug|Win32
		{C6FEA4B1-49AD-455E-97C6-603A9A412B59}.Debug|x86.Build.0 = Debug|Win32
		{C6FEA4B1-49AD-455E-97C6-603A9A412B59}.Release|x64.ActiveCfg = Release|x64
		{C6FEA4B1-49AD-455E-97C6-603A9A412B59}.Release|x64.Build.0 = Release|x64
		{C6FEA4B1-49AD-455E-97C6-603A9A412B59}.Release|x86.ActiveCfg = Release|Win32
		{C6FEA4B1-49AD-455E-97C6-603A9A412B59}.Release|x86.Build.0 = Release|Win32
		{4EE2E859-E344-44A4-AA45-C23F99723736}.Debug|x64.ActiveCfg = Debug|x64
		{4EE2E859-E344-44A4-AA45-C23F99723736}.Debug|x64.Build.0 = Debug|x64
		{4EE2E859-E344-44A4-AA45-C23F99723736}.Debug|x86.ActiveCfg = Debug|Win32
		{4EE2E859-E344-44A4-AA45-C23F99723736}.Debug|x86.Build.0 = Debug|Win32
		{4EE2E859-E344-44A4-AA45-C23F99723736}.Release|x64.ActiveCfg = Release|x64
		{4EE2E859-E344-44A4-AA45-C23F99723736}.Release|x64.Build.0 = Release|x64
		{4EE2E859-E344-44A4-AA45-C23F99723736}.Release|x86.ActiveCfg = Release|Win32
		{4EE2E859-E344-44A4-AA45-C23F99723736}.Release|x86.Build.0 = Release|Win32
		{3055AF1D-E560-446D-BD62-13AC46CE16A0}.Debug|x64.ActiveCfg = Debug|x64
		{3055AF1D-E560-446D-BD62-13AC46CE16A0}.Debug|x64.Build.0 = Debug|x64
		{3055AF1D-E560-446D-BD62-13AC46CE16A0}.Debug|x86.ActiveCfg = Debug|Win32
		{3055AF1D-E560-446D-BD62-13AC46CE16A0}.Debug|x86.Build.0 = Debug|Win32
		{3055AF1D-E560-446D-BD62-13AC46CE16A0}.Release|x64.ActiveCfg = Release|x64
		{3055AF1D-E560-446D-BD62-13AC46CE16A0}.Release|x64.Build.0 = Release|x64
		{3055AF1D-E560-446D-BD62-13AC46CE16A0}.Release|x86.ActiveCfg = Release|Win32
		{3055AF1D-E560-446D-BD62-13AC46CE16A0}.Release|x86.Build.0 = Release|Win32
		{D4954DA2-ADB4-4C96-BF5F-478C8483558D}.Debug|x64.ActiveCfg = Debug|x64
		{D4954DA2-ADB4-4C96-BF5F-478C8483558D}.Debug|x64.Build.0 = Debug|x64
		{D4954DA2-ADB4-4C96-BF5F-478C8483558D}.Debug|x86.ActiveCfg = Debug|Win32
		{D4954DA2-ADB4-4C96-BF5F-478C8483558D}.Debug|x86.Build.0 = Debug|Win32
		{D4954DA2-ADB4-4C96-BF5F-478C8483558D}.Release|x64.ActiveCfg = Release|x64
		{D4954DA2-ADB4-4C96-BF5F-478C8483558D}.Release|x64.Build.0 = Release|x64
		{D4954DA2-ADB4-4C96-BF5F-478C8483558D}.Release|x86.ActiveCfg = Release|Win32
		{D4954DA2-ADB4-4C96-BF5F-478C8483558D}.Release|x86.Build.0 = Release|Win32
		{01007591-51DF-4AE7-9F09-8CF87E268B86}.Debug|x64.ActiveCfg = Debug|x64
		{01007591-51DF-4AE7-9F09-8CF87E268B86}.Debug|x64.Build.0 = Debug|x64
		{01007591-51DF-4AE7-9F09-8CF87E268B86}.Debug|x86.ActiveCfg = Debug|Win32
		{01007591-51DF-4AE7-9F09-8CF87E268B86}.Debug|x86.Build.0 = Debug|Win32
		{01007591-51DF-4AE7-9F09-8CF87E268B86}.Release|x64.ActiveCfg = Release|x64
		{01007591-51DF-4AE7-9F09-8CF87E268B86}.Release|x64.Build.0 = Release|x64
		{01007591-51DF-4AE7-9F09-8CF87E268B86}.Release|x86.ActiveCfg = Release|Win32
		{01007591-51DF-4AE7-9F09-8CF87E268B86}.Release|x86.Build.0 = Release|Win32
		{14A90E55-92C4-47E9-A4FE-C98874CE9F52}.Debug|x64.ActiveCfg = Debug|x64
		{14A90E55-92C4-47E9-A4FE-C98874CE9F52}.Debug|x64.Build.0 = Debug|x64
		{14A90E55-92C4-47E9-A4FE-C98874CE9F52}.Debug|x86.ActiveCfg = Debug|Win32
		{14A90E55-92C4-47E9-A4FE-C98874CE9F52}.Debug|x86.Build.0 = Debug|Win32
		{14A90E55-92C4-47E9-A4FE-C98874CE9F52}.Release|x64.ActiveCfg = Release|x64
		{14A90E55-92C4-47E9-A4FE-C98874CE9F52}.Release|x64.Build.0 = Release|x64
		{14A90E55-92C4-47E9-A4FE-C98874CE9F52}.Release|x86.ActiveCfg = Release|Win32
		{14A90E55-92C4-47E9-A4FE-C98874CE9F52}.Release|x86.Build.0 = Release|Win32
		{82A46E95-B4D7-485E-A800-F55D75A7ED8C}.Debug|x64.ActiveCfg = Debug|x64
		{82A46E95-B4D7-485E-A800-F55D75A7ED8C}.Debug|x64.Build.0 = Debug|x64
		{82A46E95-B4D7-485E-A800-F55D75A7ED8C}.Debug|x86.ActiveCfg = Debug|Win32
		{82A46E95-B4D7-485E-A800-F55D75A7ED8C}.Debug|x86.Build.0 = Debug|Win32
		{82A46E95-B4D7-485E-A800-F55D75A7ED8C}.Release|x64.ActiveCfg = Release|x64
		{82A46E95-B4D7-485E-A800-F55D75A7ED8C}.Release|x64.Build.0 = Release|x64
		{82A46E95-B4D7-485E-A800-F55D75A7ED8C}.Release|x86.ActiveCfg = Release|Win32
		{82A46E95-B4D7-485E-A800-F55D75A7ED8C}.Release|x86.Build.0 = Release|Win32
		{D5DBA787-6636-409F-8562-4DDE56EC68EF}.Debug|x64.ActiveCfg = Debug|x64
		{D5DBA787-6636-409F-8562-4DDE56EC68EF}.Debug|x64.Build.0 = Debug|x64
		{D5DBA787-6636-409F-8562-4DDE56EC68EF}.Debug|x86.ActiveCfg = Debug|Win32
		{D5DBA787-6636-409F-8562-4DDE56EC68EF}.Debug|x86.Build.0 = Debug|Win32
		{D5DBA787-6636-409F-8562-4DDE56EC68EF}.Release|x64.ActiveCfg = Release|x64
		{D5DBA787-6636-409F-8562-4DDE56EC68EF}.Release|x64.Build.0 = Release|x64
		{D5DBA787-6636-409F-8562-4DDE56EC68EF}.Release|x86.ActiveCfg = Release|Win32
		{D5DBA787-6636-409F-8562-4DDE56EC68EF}.Release|x86.Build.0 = Release|Win32
	EndGlobalSection
	GlobalSection(SolutionProperties) = preSolution
		HideSolutionNode = FALSE
	EndGlobalSection
EndGlobal
